
Microsoft Visual Studio Solution File, Format Version 12.00
# Visual Studio Version 16
VisualStudioVersion = 16.0.31112.23
MinimumVisualStudioVersion = 10.0.40219.1
Project("{9A19103F-16F7-4668-BE54-9A1E7A4F7556}") = "UserInterface", "UserInterface\UserInterface.csproj", "{64BA4D83-1BFF-4351-9AE4-90DB5AD96F7D}"
EndProject
Project("{FAE04EC0-301F-11D3-BF4B-00C04F79EFBC}") = "ImageToAsciiClassLibrary", "ImageToAsciiClassLibrary\ImageToAsciiClassLibrary.csproj", "{1601549E-B130-428C-A44B-953DDF208FB7}"
EndProject
Global
	GlobalSection(SolutionConfigurationPlatforms) = preSolution
		Debug|Any CPU = Debug|Any CPU
		Release|Any CPU = Release|Any CPU
	EndGlobalSection
	GlobalSection(ProjectConfigurationPlatforms) = postSolution
		{64BA4D83-1BFF-4351-9AE4-90DB5AD96F7D}.Debug|Any CPU.ActiveCfg = Debug|Any CPU
		{64BA4D83-1BFF-4351-9AE4-90DB5AD96F7D}.Debug|Any CPU.Build.0 = Debug|Any CPU
		{64BA4D83-1BFF-4351-9AE4-90DB5AD96F7D}.Release|Any CPU.ActiveCfg = Release|Any CPU
		{64BA4D83-1BFF-4351-9AE4-90DB5AD96F7D}.Release|Any CPU.Build.0 = Release|Any CPU
		{1601549E-B130-428C-A44B-953DDF208FB7}.Debug|Any CPU.ActiveCfg = Debug|Any CPU
		{1601549E-B130-428C-A44B-953DDF208FB7}.Debug|Any CPU.Build.0 = Debug|Any CPU
		{1601549E-B130-428C-A44B-953DDF208FB7}.Release|Any CPU.ActiveCfg = Release|Any CPU
		{1601549E-B130-428C-A44B-953DDF208FB7}.Release|Any CPU.Build.0 = Release|Any CPU
	EndGlobalSection
	GlobalSection(SolutionProperties) = preSolution
		HideSolutionNode = FALSE
	EndGlobalSection
	GlobalSection(ExtensibilityGlobals) = postSolution
		SolutionGuid = {2438095A-0CC9-4C8E-8690-B60ABFAACE8E}
	EndGlobalSection
EndGlobal
